
Microsoft Visual Studio Solution File, Format Version 12.00
# Visual Studio Version 17
VisualStudioVersion = 17.3.32811.315
MinimumVisualStudioVersion = 10.0.40219.1
Project("{FAE04EC0-301F-11D3-BF4B-00C04F79EFBC}") = "Auvo.Orm.Core.GraphQL", "Auvo.Orm.Core.GraphQL\Auvo.Orm.Core.GraphQL.csproj", "{B27A4350-5AA2-4612-BCD4-1DBD7671C1C7}"
EndProject
Global
	GlobalSection(SolutionConfigurationPlatforms) = preSolution
		Debug|Any CPU = Debug|Any CPU
		Release|Any CPU = Release|Any CPU
	EndGlobalSection
	GlobalSection(ProjectConfigurationPlatforms) = postSolution
		{B27A4350-5AA2-4612-BCD4-1DBD7671C1C7}.Debug|Any CPU.ActiveCfg = Debug|Any CPU
		{B27A4350-5AA2-4612-BCD4-1DBD7671C1C7}.Debug|Any CPU.Build.0 = Debug|Any CPU
		{B27A4350-5AA2-4612-BCD4-1DBD7671C1C7}.Release|Any CPU.ActiveCfg = Release|Any CPU
		{B27A4350-5AA2-4612-BCD4-1DBD7671C1C7}.Release|Any CPU.Build.0 = Release|Any CPU
	EndGlobalSection
	GlobalSection(SolutionProperties) = preSolution
		HideSolutionNode = FALSE
	EndGlobalSection
	GlobalSection(ExtensibilityGlobals) = postSolution
		SolutionGuid = {FAF3F8FC-3B63-41CB-AAE2-15432504208C}
	EndGlobalSection
EndGlobal
